// !$*UTF8*$!
{
	archiveVersion = 1;
	classes = {
	};
	objectVersion = 50;
	objects = {

/* Begin PBXBuildFile section */
		AB5E248D22F354DF00C40AE8 /* AppDelegate.swift in Sources */ = {isa = PBXBuildFile; fileRef = AB5E248C22F354DF00C40AE8 /* AppDelegate.swift */; };
		AB5E248F22F354DF00C40AE8 /* ViewController.swift in Sources */ = {isa = PBXBuildFile; fileRef = AB5E248E22F354DF00C40AE8 /* ViewController.swift */; };
		AB5E249222F354DF00C40AE8 /* Main.storyboard in Resources */ = {isa = PBXBuildFile; fileRef = AB5E249022F354DF00C40AE8 /* Main.storyboard */; };
		AB5E249422F354E000C40AE8 /* Assets.xcassets in Resources */ = {isa = PBXBuildFile; fileRef = AB5E249322F354E000C40AE8 /* Assets.xcassets */; };
		AB5E249722F354E000C40AE8 /* LaunchScreen.storyboard in Resources */ = {isa = PBXBuildFile; fileRef = AB5E249522F354E000C40AE8 /* LaunchScreen.storyboard */; };
		AB5E24A022F3552E00C40AE8 /* ViewController.swift in Sources */ = {isa = PBXBuildFile; fileRef = AB5E249F22F3552E00C40AE8 /* ViewController.swift */; };
		AB5E24A322F3556300C40AE8 /* EndPoint.swift in Sources */ = {isa = PBXBuildFile; fileRef = AB5E24A222F3556300C40AE8 /* EndPoint.swift */; };
		AB5E24A522F3557400C40AE8 /* HTTPMethod.swift in Sources */ = {isa = PBXBuildFile; fileRef = AB5E24A422F3557400C40AE8 /* HTTPMethod.swift */; };
		AB5E24A722F3557F00C40AE8 /* Request.swift in Sources */ = {isa = PBXBuildFile; fileRef = AB5E24A622F3557F00C40AE8 /* Request.swift */; };
		AB5E24A922F3558E00C40AE8 /* Servicos.swift in Sources */ = {isa = PBXBuildFile; fileRef = AB5E24A822F3558E00C40AE8 /* Servicos.swift */; };
/* End PBXBuildFile section */

/* Begin PBXFileReference section */
		AB5E248922F354DF00C40AE8 /* Modelo Request.app */ = {isa = PBXFileReference; explicitFileType = wrapper.application; includeInIndex = 0; path = "Modelo Request.app"; sourceTree = BUILT_PRODUCTS_DIR; };
		AB5E248C22F354DF00C40AE8 /* AppDelegate.swift */ = {isa = PBXFileReference; lastKnownFileType = sourcecode.swift; path = AppDelegate.swift; sourceTree = "<group>"; };
		AB5E248E22F354DF00C40AE8 /* ViewController.swift */ = {isa = PBXFileReference; lastKnownFileType = sourcecode.swift; path = ViewController.swift; sourceTree = "<group>"; };
		AB5E249122F354DF00C40AE8 /* Base */ = {isa = PBXFileReference; lastKnownFileType = file.storyboard; name = Base; path = Base.lproj/Main.storyboard; sourceTree = "<group>"; };
		AB5E249322F354E000C40AE8 /* Assets.xcassets */ = {isa = PBXFileReference; lastKnownFileType = folder.assetcatalog; path = Assets.xcassets; sourceTree = "<group>"; };
		AB5E249622F354E000C40AE8 /* Base */ = {isa = PBXFileReference; lastKnownFileType = file.storyboard; name = Base; path = Base.lproj/LaunchScreen.storyboard; sourceTree = "<group>"; };
		AB5E249822F354E000C40AE8 /* Info.plist */ = {isa = PBXFileReference; lastKnownFileType = text.plist.xml; path = Info.plist; sourceTree = "<group>"; };
		AB5E249F22F3552E00C40AE8 /* ViewController.swift */ = {isa = PBXFileReference; lastKnownFileType = sourcecode.swift; path = ViewController.swift; sourceTree = "<group>"; };
		AB5E24A222F3556300C40AE8 /* EndPoint.swift */ = {isa = PBXFileReference; lastKnownFileType = sourcecode.swift; path = EndPoint.swift; sourceTree = "<group>"; };
		AB5E24A422F3557400C40AE8 /* HTTPMethod.swift */ = {isa = PBXFileReference; lastKnownFileType = sourcecode.swift; path = HTTPMethod.swift; sourceTree = "<group>"; };
		AB5E24A622F3557F00C40AE8 /* Request.swift */ = {isa = PBXFileReference; lastKnownFileType = sourcecode.swift; path = Request.swift; sourceTree = "<group>"; };
		AB5E24A822F3558E00C40AE8 /* Servicos.swift */ = {isa = PBXFileReference; lastKnownFileType = sourcecode.swift; path = Servicos.swift; sourceTree = "<group>"; };
/* End PBXFileReference section */

/* Begin PBXFrameworksBuildPhase section */
		AB5E248622F354DF00C40AE8 /* Frameworks */ = {
			isa = PBXFrameworksBuildPhase;
			buildActionMask = 2147483647;
			files = (
			);
			runOnlyForDeploymentPostprocessing = 0;
		};
/* End PBXFrameworksBuildPhase section */

/* Begin PBXGroup section */
		AB5E248022F354DF00C40AE8 = {
			isa = PBXGroup;
			children = (
				AB5E248B22F354DF00C40AE8 /* Modelo Request */,
				AB5E248A22F354DF00C40AE8 /* Products */,
			);
			sourceTree = "<group>";
		};
		AB5E248A22F354DF00C40AE8 /* Products */ = {
			isa = PBXGroup;
			children = (
				AB5E248922F354DF00C40AE8 /* Modelo Request.app */,
			);
			name = Products;
			sourceTree = "<group>";
		};
		AB5E248B22F354DF00C40AE8 /* Modelo Request */ = {
			isa = PBXGroup;
			children = (
				AB5E24A122F3555000C40AE8 /* Request */,
				AB5E249E22F3551700C40AE8 /* ViewController */,
				AB5E248C22F354DF00C40AE8 /* AppDelegate.swift */,
				AB5E248E22F354DF00C40AE8 /* ViewController.swift */,
				AB5E249022F354DF00C40AE8 /* Main.storyboard */,
				AB5E249322F354E000C40AE8 /* Assets.xcassets */,
				AB5E249522F354E000C40AE8 /* LaunchScreen.storyboard */,
				AB5E249822F354E000C40AE8 /* Info.plist */,
			);
			path = "Modelo Request";
			sourceTree = "<group>";
		};
		AB5E249E22F3551700C40AE8 /* ViewController */ = {
			isa = PBXGroup;
			children = (
				AB5E249F22F3552E00C40AE8 /* ViewController.swift */,
			);
			path = ViewController;
			sourceTree = "<group>";
		};
		AB5E24A122F3555000C40AE8 /* Request */ = {
			isa = PBXGroup;
			children = (
				AB5E24A222F3556300C40AE8 /* EndPoint.swift */,
				AB5E24A422F3557400C40AE8 /* HTTPMethod.swift */,
				AB5E24A622F3557F00C40AE8 /* Request.swift */,
				AB5E24A822F3558E00C40AE8 /* Servicos.swift */,
			);
			path = Request;
			sourceTree = "<group>";
		};
/* End PBXGroup section */

/* Begin PBXNativeTarget section */
		AB5E248822F354DF00C40AE8 /* Modelo Request */ = {
			isa = PBXNativeTarget;
			buildConfigurationList = AB5E249B22F354E000C40AE8 /* Build configuration list for PBXNativeTarget "Modelo Request" */;
			buildPhases = (
				AB5E248522F354DF00C40AE8 /* Sources */,
				AB5E248622F354DF00C40AE8 /* Frameworks */,
				AB5E248722F354DF00C40AE8 /* Resources */,
			);
			buildRules = (
			);
			dependencies = (
			);
			name = "Modelo Request";
			productName = "Modelo Request";
			productReference = AB5E248922F354DF00C40AE8 /* Modelo Request.app */;
			productType = "com.apple.product-type.application";
		};
/* End PBXNativeTarget section */

/* Begin PBXProject section */
		AB5E248122F354DF00C40AE8 /* Project object */ = {
			isa = PBXProject;
			attributes = {
				LastSwiftUpdateCheck = 1020;
				LastUpgradeCheck = 1020;
				ORGANIZATIONNAME = "Mariaelena Nascimento Silveira";
				TargetAttributes = {
					AB5E248822F354DF00C40AE8 = {
						CreatedOnToolsVersion = 10.2.1;
					};
				};
			};
			buildConfigurationList = AB5E248422F354DF00C40AE8 /* Build configuration list for PBXProject "Modelo Request" */;
			compatibilityVersion = "Xcode 9.3";
			developmentRegion = en;
			hasScannedForEncodings = 0;
			knownRegions = (
				en,
				Base,
			);
			mainGroup = AB5E248022F354DF00C40AE8;
			productRefGroup = AB5E248A22F354DF00C40AE8 /* Products */;
			projectDirPath = "";
			projectRoot = "";
			targets = (
				AB5E248822F354DF00C40AE8 /* Modelo Request */,
			);
		};
/* End PBXProject section */

/* Begin PBXResourcesBuildPhase section */
		AB5E248722F354DF00C40AE8 /* Resources */ = {
			isa = PBXResourcesBuildPhase;
			buildActionMask = 2147483647;
			files = (
				AB5E249722F354E000C40AE8 /* LaunchScreen.storyboard in Resources */,
				AB5E249422F354E000C40AE8 /* Assets.xcassets in Resources */,
				AB5E249222F354DF00C40AE8 /* Main.storyboard in Resources */,
			);
			runOnlyForDeploymentPostprocessing = 0;
		};
/* End PBXResourcesBuildPhase section */

/* Begin PBXSourcesBuildPhase section */
		AB5E248522F354DF00C40AE8 /* Sources */ = {
			isa = PBXSourcesBuildPhase;
			buildActionMask = 2147483647;
			files = (
				AB5E24A022F3552E00C40AE8 /* ViewController.swift in Sources */,
				AB5E24A722F3557F00C40AE8 /* Request.swift in Sources */,
				AB5E248F22F354DF00C40AE8 /* ViewController.swift in Sources */,
				AB5E24A322F3556300C40AE8 /* EndPoint.swift in Sources */,
				AB5E24A522F3557400C40AE8 /* HTTPMethod.swift in Sources */,
				AB5E248D22F354DF00C40AE8 /* AppDelegate.swift in Sources */,
				AB5E24A922F3558E00C40AE8 /* Servicos.swift in Sources */,
			);
			runOnlyForDeploymentPostprocessing = 0;
		};
/* End PBXSourcesBuildPhase section */

/* Begin PBXVariantGroup section */
		AB5E249022F354DF00C40AE8 /* Main.storyboard */ = {
			isa = PBXVariantGroup;
			children = (
				AB5E249122F354DF00C40AE8 /* Base */,
			);
			name = Main.storyboard;
			sourceTree = "<group>";
		};
		AB5E249522F354E000C40AE8 /* LaunchScreen.storyboard */ = {
			isa = PBXVariantGroup;
			children = (
				AB5E249622F354E000C40AE8 /* Base */,
			);
			name = LaunchScreen.storyboard;
			sourceTree = "<group>";
		};
/* End PBXVariantGroup section */

/* Begin XCBuildConfiguration section */
		AB5E249922F354E000C40AE8 /* Debug */ = {
			isa = XCBuildConfiguration;
			buildSettings = {
				ALWAYS_SEARCH_USER_PATHS = NO;
				CLANG_ANALYZER_NONNULL = YES;
				CLANG_ANALYZER_NUMBER_OBJECT_CONVERSION = YES_AGGRESSIVE;
				CLANG_CXX_LANGUAGE_STANDARD = "gnu++14";
				CLANG_CXX_LIBRARY = "libc++";
				CLANG_ENABLE_MODULES = YES;
				CLANG_ENABLE_OBJC_ARC = YES;
				CLANG_ENABLE_OBJC_WEAK = YES;
				CLANG_WARN_BLOCK_CAPTURE_AUTORELEASING = YES;
				CLANG_WARN_BOOL_CONVERSION = YES;
				CLANG_WARN_COMMA = YES;
				CLANG_WARN_CONSTANT_CONVERSION = YES;
				CLANG_WARN_DEPRECATED_OBJC_IMPLEMENTATIONS = YES;
				CLANG_WARN_DIRECT_OBJC_ISA_USAGE = YES_ERROR;
				CLANG_WARN_DOCUMENTATION_COMMENTS = YES;
				CLANG_WARN_EMPTY_BODY = YES;
				CLANG_WARN_ENUM_CONVERSION = YES;
				CLANG_WARN_INFINITE_RECURSION = YES;
				CLANG_WARN_INT_CONVERSION = YES;
				CLANG_WARN_NON_LITERAL_NULL_CONVERSION = YES;
				CLANG_WARN_OBJC_IMPLICIT_RETAIN_SELF = YES;
				CLANG_WARN_OBJC_LITERAL_CONVERSION = YES;
				CLANG_WARN_OBJC_ROOT_CLASS = YES_ERROR;
				CLANG_WARN_RANGE_LOOP_ANALYSIS = YES;
				CLANG_WARN_STRICT_PROTOTYPES = YES;
				CLANG_WARN_SUSPICIOUS_MOVE = YES;
				CLANG_WARN_UNGUARDED_AVAILABILITY = YES_AGGRESSIVE;
				CLANG_WARN_UNREACHABLE_CODE = YES;
				CLANG_WARN__DUPLICATE_METHOD_MATCH = YES;
				CODE_SIGN_IDENTITY = "iPhone Developer";
				COPY_PHASE_STRIP = NO;
				DEBUG_INFORMATION_FORMAT = dwarf;
				ENABLE_STRICT_OBJC_MSGSEND = YES;
				ENABLE_TESTABILITY = YES;
				GCC_C_LANGUAGE_STANDARD = gnu11;
				GCC_DYNAMIC_NO_PIC = NO;
				GCC_NO_COMMON_BLOCKS = YES;
				GCC_OPTIMIZATION_LEVEL = 0;
				GCC_PREPROCESSOR_DEFINITIONS = (
					"DEBUG=1",
					"$(inherited)",
				);
				GCC_WARN_64_TO_32_BIT_CONVERSION = YES;
				GCC_WARN_ABOUT_RETURN_TYPE = YES_ERROR;
				GCC_WARN_UNDECLARED_SELECTOR = YES;
				GCC_WARN_UNINITIALIZED_AUTOS = YES_AGGRESSIVE;
				GCC_WARN_UNUSED_FUNCTION = YES;
				GCC_WARN_UNUSED_VARIABLE = YES;
				IPHONEOS_DEPLOYMENT_TARGET = 12.2;
				MTL_ENABLE_DEBUG_INFO = INCLUDE_SOURCE;
				MTL_FAST_MATH = YES;
				ONLY_ACTIVE_ARCH = YES;
				SDKROOT = iphoneos;
				SWIFT_ACTIVE_COMPILATION_CONDITIONS = DEBUG;
				SWIFT_OPTIMIZATION_LEVEL = "-Onone";
			};
			name = Debug;
		};
		AB5E249A22F354E000C40AE8 /* Release */ = {
			isa = XCBuildConfiguration;
			buildSettings = {
				ALWAYS_SEARCH_USER_PATHS = NO;
				CLANG_ANALYZER_NONNULL = YES;
				CLANG_ANALYZER_NUMBER_OBJECT_CONVERSION = YES_AGGRESSIVE;
				CLANG_CXX_LANGUAGE_STANDARD = "gnu++14";
				CLANG_CXX_LIBRARY = "libc++";
				CLANG_ENABLE_MODULES = YES;
				CLANG_ENABLE_OBJC_ARC = YES;
				CLANG_ENABLE_OBJC_WEAK = YES;
				CLANG_WARN_BLOCK_CAPTURE_AUTORELEASING = YES;
				CLANG_WARN_BOOL_CONVERSION = YES;
				CLANG_WARN_COMMA = YES;
				CLANG_WARN_CONSTANT_CONVERSION = YES;
				CLANG_WARN_DEPRECATED_OBJC_IMPLEMENTATIONS = YES;
				CLANG_WARN_DIRECT_OBJC_ISA_USAGE = YES_ERROR;
				CLANG_WARN_DOCUMENTATION_COMMENTS = YES;
				CLANG_WARN_EMPTY_BODY = YES;
				CLANG_WARN_ENUM_CONVERSION = YES;
				CLANG_WARN_INFINITE_RECURSION = YES;
				CLANG_WARN_INT_CONVERSION = YES;
				CLANG_WARN_NON_LITERAL_NULL_CONVERSION = YES;
				CLANG_WARN_OBJC_IMPLICIT_RETAIN_SELF = YES;
				CLANG_WARN_OBJC_LITERAL_CONVERSION = YES;
				CLANG_WARN_OBJC_ROOT_CLASS = YES_ERROR;
				CLANG_WARN_RANGE_LOOP_ANALYSIS = YES;
				CLANG_WARN_STRICT_PROTOTYPES = YES;
				CLANG_WARN_SUSPICIOUS_MOVE = YES;
				CLANG_WARN_UNGUARDED_AVAILABILITY = YES_AGGRESSIVE;
				CLANG_WARN_UNREACHABLE_CODE = YES;
				CLANG_WARN__DUPLICATE_METHOD_MATCH = YES;
				CODE_SIGN_IDENTITY = "iPhone Developer";
				COPY_PHASE_STRIP = NO;
				DEBUG_INFORMATION_FORMAT = "dwarf-with-dsym";
				ENABLE_NS_ASSERTIONS = NO;
				ENABLE_STRICT_OBJC_MSGSEND = YES;
				GCC_C_LANGUAGE_STANDARD = gnu11;
				GCC_NO_COMMON_BLOCKS = YES;
				GCC_WARN_64_TO_32_BIT_CONVERSION = YES;
				GCC_WARN_ABOUT_RETURN_TYPE = YES_ERROR;
				GCC_WARN_UNDECLARED_SELECTOR = YES;
				GCC_WARN_UNINITIALIZED_AUTOS = YES_AGGRESSIVE;
				GCC_WARN_UNUSED_FUNCTION = YES;
				GCC_WARN_UNUSED_VARIABLE = YES;
				IPHONEOS_DEPLOYMENT_TARGET = 12.2;
				MTL_ENABLE_DEBUG_INFO = NO;
				MTL_FAST_MATH = YES;
				SDKROOT = iphoneos;
				SWIFT_COMPILATION_MODE = wholemodule;
				SWIFT_OPTIMIZATION_LEVEL = "-O";
				VALIDATE_PRODUCT = YES;
			};
			name = Release;
		};
		AB5E249C22F354E000C40AE8 /* Debug */ = {
			isa = XCBuildConfiguration;
			buildSettings = {
				ASSETCATALOG_COMPILER_APPICON_NAME = AppIcon;
				CODE_SIGN_STYLE = Automatic;
				DEVELOPMENT_TEAM = TKAVRZVDW2;
				INFOPLIST_FILE = "Modelo Request/Info.plist";
				LD_RUNPATH_SEARCH_PATHS = (
					"$(inherited)",
					"@executable_path/Frameworks",
				);
				PRODUCT_BUNDLE_IDENTIFIER = "com.nena.Modelo-Request";
				PRODUCT_NAME = "$(TARGET_NAME)";
				SWIFT_VERSION = 5.0;
				TARGETED_DEVICE_FAMILY = "1,2";
			};
			name = Debug;
		};
		AB5E249D22F354E000C40AE8 /* Release */ = {
			isa = XCBuildConfiguration;
			buildSettings = {
				ASSETCATALOG_COMPILER_APPICON_NAME = AppIcon;
				CODE_SIGN_STYLE = Automatic;
				DEVELOPMENT_TEAM = TKAVRZVDW2;
				INFOPLIST_FILE = "Modelo Request/Info.plist";
				LD_RUNPATH_SEARCH_PATHS = (
					"$(inherited)",
					"@executable_path/Frameworks",
				);
				PRODUCT_BUNDLE_IDENTIFIER = "com.nena.Modelo-Request";
				PRODUCT_NAME = "$(TARGET_NAME)";
				SWIFT_VERSION = 5.0;
				TARGETED_DEVICE_FAMILY = "1,2";
			};
			name = Release;
		};
/* End XCBuildConfiguration section */

/* Begin XCConfigurationList section */
		AB5E248422F354DF00C40AE8 /* Build configuration list for PBXProject "Modelo Request" */ = {
			isa = XCConfigurationList;
			buildConfigurations = (
				AB5E249922F354E000C40AE8 /* Debug */,
				AB5E249A22F354E000C40AE8 /* Release */,
			);
			defaultConfigurationIsVisible = 0;
			defaultConfigurationName = Release;
		};
		AB5E249B22F354E000C40AE8 /* Build configuration list for PBXNativeTarget "Modelo Request" */ = {
			isa = XCConfigurationList;
			buildConfigurations = (
				AB5E249C22F354E000C40AE8 /* Debug */,
				AB5E249D22F354E000C40AE8 /* Release */,
			);
			defaultConfigurationIsVisible = 0;
			defaultConfigurationName = Release;
		};
/* End XCConfigurationList section */
	};
	rootObject = AB5E248122F354DF00C40AE8 /* Project object */;
}
